
Microsoft Visual Studio Solution File, Format Version 12.00
# Visual Studio Version 16
VisualStudioVersion = 16.0.31424.327
MinimumVisualStudioVersion = 10.0.40219.1
Project("{FAE04EC0-301F-11D3-BF4B-00C04F79EFBC}") = "azicloud.wiki.bo", "azicloud.wiki.bo.csproj", "{1DFA3A3C-7B39-4A16-AFA9-ECB311C5D67E}"
EndProject
Project("{2150E333-8FDC-42A3-9474-1A3956D46DE8}") = "Modules", "Modules", "{F0612BC9-5F21-48BE-9B49-3E1EE16397CA}"
EndProject
Project("{FAE04EC0-301F-11D3-BF4B-00C04F79EFBC}") = "azicloud.wiki", "..\azicloud.wiki\azicloud.wiki.csproj", "{D4A399E1-BA94-4B10-A5A1-AB523389A050}"
EndProject
Global
	GlobalSection(SolutionConfigurationPlatforms) = preSolution
		Debug|Any CPU = Debug|Any CPU
		Release|Any CPU = Release|Any CPU
	EndGlobalSection
	GlobalSection(ProjectConfigurationPlatforms) = postSolution
		{1DFA3A3C-7B39-4A16-AFA9-ECB311C5D67E}.Debug|Any CPU.ActiveCfg = Debug|Any CPU
		{1DFA3A3C-7B39-4A16-AFA9-ECB311C5D67E}.Debug|Any CPU.Build.0 = Debug|Any CPU
		{1DFA3A3C-7B39-4A16-AFA9-ECB311C5D67E}.Release|Any CPU.ActiveCfg = Release|Any CPU
		{1DFA3A3C-7B39-4A16-AFA9-ECB311C5D67E}.Release|Any CPU.Build.0 = Release|Any CPU
		{D4A399E1-BA94-4B10-A5A1-AB523389A050}.Debug|Any CPU.ActiveCfg = Debug|Any CPU
		{D4A399E1-BA94-4B10-A5A1-AB523389A050}.Debug|Any CPU.Build.0 = Debug|Any CPU
		{D4A399E1-BA94-4B10-A5A1-AB523389A050}.Release|Any CPU.ActiveCfg = Release|Any CPU
		{D4A399E1-BA94-4B10-A5A1-AB523389A050}.Release|Any CPU.Build.0 = Release|Any CPU
	EndGlobalSection
	GlobalSection(SolutionProperties) = preSolution
		HideSolutionNode = FALSE
	EndGlobalSection
	GlobalSection(NestedProjects) = preSolution
		{D4A399E1-BA94-4B10-A5A1-AB523389A050} = {F0612BC9-5F21-48BE-9B49-3E1EE16397CA}
	EndGlobalSection
	GlobalSection(ExtensibilityGlobals) = postSolution
		SolutionGuid = {371B3EE7-453F-4CD6-8E3B-990443E79A5A}
	EndGlobalSection
EndGlobal
